
Microsoft Visual Studio Solution File, Format Version 12.00
# Visual Studio Version 17
VisualStudioVersion = 17.0.31903.59
MinimumVisualStudioVersion = 10.0.40219.1
Project("{2150E333-8FDC-42A3-9474-1A3956D46DE8}") = "sdks", "sdks", "{665A7CC4-0863-C354-E4B4-45BC1E6FE98B}"
EndProject
Project("{2150E333-8FDC-42A3-9474-1A3956D46DE8}") = "authentik", "authentik", "{671B6C4E-F0E7-BB54-7EB4-274613C7ABC2}"
EndProject
Project("{FAE04EC0-301F-11D3-BF4B-00C04F79EFBC}") = "Pulumi.Authentik", "pulumi\sdks\authentik\Pulumi.Authentik.csproj", "{E34F1027-E711-464C-8793-CA866A39B36D}"
EndProject
Project("{2150E333-8FDC-42A3-9474-1A3956D46DE8}") = "uptimekuma", "uptimekuma", "{361827D4-094F-A999-347F-57924A17C1AA}"
EndProject
Project("{FAE04EC0-301F-11D3-BF4B-00C04F79EFBC}") = "Pulumi.Uptimekuma", "pulumi\sdks\uptimekuma\Pulumi.Uptimekuma.csproj", "{50138388-3E95-4D9A-9CEB-6043C9F59457}"
EndProject
Project("{FAE04EC0-301F-11D3-BF4B-00C04F79EFBC}") = "models", "pulumi\models\models.csproj", "{3C8D308A-3789-450D-A2CD-E2F089C6A065}"
EndProject
Project("{2150E333-8FDC-42A3-9474-1A3956D46DE8}") = "crds", "crds", "{5C975827-E6D0-BEA8-FBBC-81E7E43D8C36}"
EndProject
Project("{2150E333-8FDC-42A3-9474-1A3956D46DE8}") = "dotnet", "dotnet", "{C3E4FA8F-E7EA-A7D6-E22A-4277FA287FE9}"
EndProject
Project("{FAE04EC0-301F-11D3-BF4B-00C04F79EFBC}") = "Pulumi.Crds", "pulumi\crds\dotnet\Pulumi.Crds.csproj", "{FE0B6B86-5B7F-48B1-82DC-0B3F68C4B42D}"
EndProject
Project("{FAE04EC0-301F-11D3-BF4B-00C04F79EFBC}") = "applications", "pulumi\applications.csproj", "{CA503AC2-587E-47A9-8218-9C169C4FFA4A}"
EndProject
Global
	GlobalSection(SolutionConfigurationPlatforms) = preSolution
		Debug|Any CPU = Debug|Any CPU
		Debug|x64 = Debug|x64
		Debug|x86 = Debug|x86
		Release|Any CPU = Release|Any CPU
		Release|x64 = Release|x64
		Release|x86 = Release|x86
	EndGlobalSection
	GlobalSection(ProjectConfigurationPlatforms) = postSolution
		{E34F1027-E711-464C-8793-CA866A39B36D}.Debug|Any CPU.ActiveCfg = Debug|Any CPU
		{E34F1027-E711-464C-8793-CA866A39B36D}.Debug|Any CPU.Build.0 = Debug|Any CPU
		{E34F1027-E711-464C-8793-CA866A39B36D}.Debug|x64.ActiveCfg = Debug|Any CPU
		{E34F1027-E711-464C-8793-CA866A39B36D}.Debug|x64.Build.0 = Debug|Any CPU
		{E34F1027-E711-464C-8793-CA866A39B36D}.Debug|x86.ActiveCfg = Debug|Any CPU
		{E34F1027-E711-464C-8793-CA866A39B36D}.Debug|x86.Build.0 = Debug|Any CPU
		{E34F1027-E711-464C-8793-CA866A39B36D}.Release|Any CPU.ActiveCfg = Release|Any CPU
		{E34F1027-E711-464C-8793-CA866A39B36D}.Release|Any CPU.Build.0 = Release|Any CPU
		{E34F1027-E711-464C-8793-CA866A39B36D}.Release|x64.ActiveCfg = Release|Any CPU
		{E34F1027-E711-464C-8793-CA866A39B36D}.Release|x64.Build.0 = Release|Any CPU
		{E34F1027-E711-464C-8793-CA866A39B36D}.Release|x86.ActiveCfg = Release|Any CPU
		{E34F1027-E711-464C-8793-CA866A39B36D}.Release|x86.Build.0 = Release|Any CPU
		{50138388-3E95-4D9A-9CEB-6043C9F59457}.Debug|Any CPU.ActiveCfg = Debug|Any CPU
		{50138388-3E95-4D9A-9CEB-6043C9F59457}.Debug|Any CPU.Build.0 = Debug|Any CPU
		{50138388-3E95-4D9A-9CEB-6043C9F59457}.Debug|x64.ActiveCfg = Debug|Any CPU
		{50138388-3E95-4D9A-9CEB-6043C9F59457}.Debug|x64.Build.0 = Debug|Any CPU
		{50138388-3E95-4D9A-9CEB-6043C9F59457}.Debug|x86.ActiveCfg = Debug|Any CPU
		{50138388-3E95-4D9A-9CEB-6043C9F59457}.Debug|x86.Build.0 = Debug|Any CPU
		{50138388-3E95-4D9A-9CEB-6043C9F59457}.Release|Any CPU.ActiveCfg = Release|Any CPU
		{50138388-3E95-4D9A-9CEB-6043C9F59457}.Release|Any CPU.Build.0 = Release|Any CPU
		{50138388-3E95-4D9A-9CEB-6043C9F59457}.Release|x64.ActiveCfg = Release|Any CPU
		{50138388-3E95-4D9A-9CEB-6043C9F59457}.Release|x64.Build.0 = Release|Any CPU
		{50138388-3E95-4D9A-9CEB-6043C9F59457}.Release|x86.ActiveCfg = Release|Any CPU
		{50138388-3E95-4D9A-9CEB-6043C9F59457}.Release|x86.Build.0 = Release|Any CPU
		{3C8D308A-3789-450D-A2CD-E2F089C6A065}.Debug|Any CPU.ActiveCfg = Debug|Any CPU
		{3C8D308A-3789-450D-A2CD-E2F089C6A065}.Debug|Any CPU.Build.0 = Debug|Any CPU
		{3C8D308A-3789-450D-A2CD-E2F089C6A065}.Debug|x64.ActiveCfg = Debug|Any CPU
		{3C8D308A-3789-450D-A2CD-E2F089C6A065}.Debug|x64.Build.0 = Debug|Any CPU
		{3C8D308A-3789-450D-A2CD-E2F089C6A065}.Debug|x86.ActiveCfg = Debug|Any CPU
		{3C8D308A-3789-450D-A2CD-E2F089C6A065}.Debug|x86.Build.0 = Debug|Any CPU
		{3C8D308A-3789-450D-A2CD-E2F089C6A065}.Release|Any CPU.ActiveCfg = Release|Any CPU
		{3C8D308A-3789-450D-A2CD-E2F089C6A065}.Release|Any CPU.Build.0 = Release|Any CPU
		{3C8D308A-3789-450D-A2CD-E2F089C6A065}.Release|x64.ActiveCfg = Release|Any CPU
		{3C8D308A-3789-450D-A2CD-E2F089C6A065}.Release|x64.Build.0 = Release|Any CPU
		{3C8D308A-3789-450D-A2CD-E2F089C6A065}.Release|x86.ActiveCfg = Release|Any CPU
		{3C8D308A-3789-450D-A2CD-E2F089C6A065}.Release|x86.Build.0 = Release|Any CPU
		{FE0B6B86-5B7F-48B1-82DC-0B3F68C4B42D}.Debug|Any CPU.ActiveCfg = Debug|Any CPU
		{FE0B6B86-5B7F-48B1-82DC-0B3F68C4B42D}.Debug|Any CPU.Build.0 = Debug|Any CPU
		{FE0B6B86-5B7F-48B1-82DC-0B3F68C4B42D}.Debug|x64.ActiveCfg = Debug|Any CPU
		{FE0B6B86-5B7F-48B1-82DC-0B3F68C4B42D}.Debug|x64.Build.0 = Debug|Any CPU
		{FE0B6B86-5B7F-48B1-82DC-0B3F68C4B42D}.Debug|x86.ActiveCfg = Debug|Any CPU
		{FE0B6B86-5B7F-48B1-82DC-0B3F68C4B42D}.Debug|x86.Build.0 = Debug|Any CPU
		{FE0B6B86-5B7F-48B1-82DC-0B3F68C4B42D}.Release|Any CPU.ActiveCfg = Release|Any CPU
		{FE0B6B86-5B7F-48B1-82DC-0B3F68C4B42D}.Release|Any CPU.Build.0 = Release|Any CPU
		{FE0B6B86-5B7F-48B1-82DC-0B3F68C4B42D}.Release|x64.ActiveCfg = Release|Any CPU
		{FE0B6B86-5B7F-48B1-82DC-0B3F68C4B42D}.Release|x64.Build.0 = Release|Any CPU
		{FE0B6B86-5B7F-48B1-82DC-0B3F68C4B42D}.Release|x86.ActiveCfg = Release|Any CPU
		{FE0B6B86-5B7F-48B1-82DC-0B3F68C4B42D}.Release|x86.Build.0 = Release|Any CPU
		{CA503AC2-587E-47A9-8218-9C169C4FFA4A}.Debug|Any CPU.ActiveCfg = Debug|Any CPU
		{CA503AC2-587E-47A9-8218-9C169C4FFA4A}.Debug|Any CPU.Build.0 = Debug|Any CPU
		{CA503AC2-587E-47A9-8218-9C169C4FFA4A}.Debug|x64.ActiveCfg = Debug|Any CPU
		{CA503AC2-587E-47A9-8218-9C169C4FFA4A}.Debug|x64.Build.0 = Debug|Any CPU
		{CA503AC2-587E-47A9-8218-9C169C4FFA4A}.Debug|x86.ActiveCfg = Debug|Any CPU
		{CA503AC2-587E-47A9-8218-9C169C4FFA4A}.Debug|x86.Build.0 = Debug|Any CPU
		{CA503AC2-587E-47A9-8218-9C169C4FFA4A}.Release|Any CPU.ActiveCfg = Release|Any CPU
		{CA503AC2-587E-47A9-8218-9C169C4FFA4A}.Release|Any CPU.Build.0 = Release|Any CPU
		{CA503AC2-587E-47A9-8218-9C169C4FFA4A}.Release|x64.ActiveCfg = Release|Any CPU
		{CA503AC2-587E-47A9-8218-9C169C4FFA4A}.Release|x64.Build.0 = Release|Any CPU
		{CA503AC2-587E-47A9-8218-9C169C4FFA4A}.Release|x86.ActiveCfg = Release|Any CPU
		{CA503AC2-587E-47A9-8218-9C169C4FFA4A}.Release|x86.Build.0 = Release|Any CPU
	EndGlobalSection
	GlobalSection(SolutionProperties) = preSolution
		HideSolutionNode = FALSE
	EndGlobalSection
	GlobalSection(NestedProjects) = preSolution
		{671B6C4E-F0E7-BB54-7EB4-274613C7ABC2} = {665A7CC4-0863-C354-E4B4-45BC1E6FE98B}
		{E34F1027-E711-464C-8793-CA866A39B36D} = {671B6C4E-F0E7-BB54-7EB4-274613C7ABC2}
		{361827D4-094F-A999-347F-57924A17C1AA} = {665A7CC4-0863-C354-E4B4-45BC1E6FE98B}
		{50138388-3E95-4D9A-9CEB-6043C9F59457} = {361827D4-094F-A999-347F-57924A17C1AA}
		{C3E4FA8F-E7EA-A7D6-E22A-4277FA287FE9} = {5C975827-E6D0-BEA8-FBBC-81E7E43D8C36}
		{FE0B6B86-5B7F-48B1-82DC-0B3F68C4B42D} = {C3E4FA8F-E7EA-A7D6-E22A-4277FA287FE9}
	EndGlobalSection
EndGlobal
