
Microsoft Visual Studio Solution File, Format Version 12.00
# Visual Studio Version 17
VisualStudioVersion = 17.0.31903.59
MinimumVisualStudioVersion = 10.0.40219.1
Project("{FAE04EC0-301F-11D3-BF4B-00C04F79EFBC}") = "authentik", "authentik\authentik.csproj", "{8EAB83B4-C957-4816-AD26-2714A5E5189A}"
EndProject
Project("{FAE04EC0-301F-11D3-BF4B-00C04F79EFBC}") = "models", "models\models.csproj", "{3DBF7835-572D-43B1-B4C7-6C019150D4FA}"
EndProject
Project("{FAE04EC0-301F-11D3-BF4B-00C04F79EFBC}") = "cluster-sync", "cluster-sync\cluster-sync.csproj", "{69FFBAA4-F74A-4F0E-8071-E502298FCE76}"
EndProject
Project("{FAE04EC0-301F-11D3-BF4B-00C04F79EFBC}") = "home", "home\home.csproj", "{90F05857-D931-4A64-B2C3-6813BA1B0AEB}"
EndProject
Project("{FAE04EC0-301F-11D3-BF4B-00C04F79EFBC}") = "machine", "machine\machine.csproj", "{266377D8-5845-43CC-BF76-B8FC9DADEACF}"
EndProject
Project("{2150E333-8FDC-42A3-9474-1A3956D46DE8}") = "config", "config", "{1F6360F2-C290-4C96-A645-1A3B25E39EF7}"
	ProjectSection(SolutionItems) = preProject
		Packages.targets = Packages.targets
	EndProjectSection
EndProject
Global
	GlobalSection(SolutionConfigurationPlatforms) = preSolution
		Debug|Any CPU = Debug|Any CPU
		Debug|x64 = Debug|x64
		Debug|x86 = Debug|x86
		Release|Any CPU = Release|Any CPU
		Release|x64 = Release|x64
		Release|x86 = Release|x86
	EndGlobalSection
	GlobalSection(ProjectConfigurationPlatforms) = postSolution
		{8EAB83B4-C957-4816-AD26-2714A5E5189A}.Debug|Any CPU.ActiveCfg = Debug|Any CPU
		{8EAB83B4-C957-4816-AD26-2714A5E5189A}.Debug|Any CPU.Build.0 = Debug|Any CPU
		{8EAB83B4-C957-4816-AD26-2714A5E5189A}.Debug|x64.ActiveCfg = Debug|Any CPU
		{8EAB83B4-C957-4816-AD26-2714A5E5189A}.Debug|x64.Build.0 = Debug|Any CPU
		{8EAB83B4-C957-4816-AD26-2714A5E5189A}.Debug|x86.ActiveCfg = Debug|Any CPU
		{8EAB83B4-C957-4816-AD26-2714A5E5189A}.Debug|x86.Build.0 = Debug|Any CPU
		{8EAB83B4-C957-4816-AD26-2714A5E5189A}.Release|Any CPU.ActiveCfg = Release|Any CPU
		{8EAB83B4-C957-4816-AD26-2714A5E5189A}.Release|Any CPU.Build.0 = Release|Any CPU
		{8EAB83B4-C957-4816-AD26-2714A5E5189A}.Release|x64.ActiveCfg = Release|Any CPU
		{8EAB83B4-C957-4816-AD26-2714A5E5189A}.Release|x64.Build.0 = Release|Any CPU
		{8EAB83B4-C957-4816-AD26-2714A5E5189A}.Release|x86.ActiveCfg = Release|Any CPU
		{8EAB83B4-C957-4816-AD26-2714A5E5189A}.Release|x86.Build.0 = Release|Any CPU
		{3DBF7835-572D-43B1-B4C7-6C019150D4FA}.Debug|Any CPU.ActiveCfg = Debug|Any CPU
		{3DBF7835-572D-43B1-B4C7-6C019150D4FA}.Debug|Any CPU.Build.0 = Debug|Any CPU
		{3DBF7835-572D-43B1-B4C7-6C019150D4FA}.Debug|x64.ActiveCfg = Debug|Any CPU
		{3DBF7835-572D-43B1-B4C7-6C019150D4FA}.Debug|x64.Build.0 = Debug|Any CPU
		{3DBF7835-572D-43B1-B4C7-6C019150D4FA}.Debug|x86.ActiveCfg = Debug|Any CPU
		{3DBF7835-572D-43B1-B4C7-6C019150D4FA}.Debug|x86.Build.0 = Debug|Any CPU
		{3DBF7835-572D-43B1-B4C7-6C019150D4FA}.Release|Any CPU.ActiveCfg = Release|Any CPU
		{3DBF7835-572D-43B1-B4C7-6C019150D4FA}.Release|Any CPU.Build.0 = Release|Any CPU
		{3DBF7835-572D-43B1-B4C7-6C019150D4FA}.Release|x64.ActiveCfg = Release|Any CPU
		{3DBF7835-572D-43B1-B4C7-6C019150D4FA}.Release|x64.Build.0 = Release|Any CPU
		{3DBF7835-572D-43B1-B4C7-6C019150D4FA}.Release|x86.ActiveCfg = Release|Any CPU
		{3DBF7835-572D-43B1-B4C7-6C019150D4FA}.Release|x86.Build.0 = Release|Any CPU
		{69FFBAA4-F74A-4F0E-8071-E502298FCE76}.Debug|Any CPU.ActiveCfg = Debug|Any CPU
		{69FFBAA4-F74A-4F0E-8071-E502298FCE76}.Debug|Any CPU.Build.0 = Debug|Any CPU
		{69FFBAA4-F74A-4F0E-8071-E502298FCE76}.Debug|x64.ActiveCfg = Debug|Any CPU
		{69FFBAA4-F74A-4F0E-8071-E502298FCE76}.Debug|x64.Build.0 = Debug|Any CPU
		{69FFBAA4-F74A-4F0E-8071-E502298FCE76}.Debug|x86.ActiveCfg = Debug|Any CPU
		{69FFBAA4-F74A-4F0E-8071-E502298FCE76}.Debug|x86.Build.0 = Debug|Any CPU
		{69FFBAA4-F74A-4F0E-8071-E502298FCE76}.Release|Any CPU.ActiveCfg = Release|Any CPU
		{69FFBAA4-F74A-4F0E-8071-E502298FCE76}.Release|Any CPU.Build.0 = Release|Any CPU
		{69FFBAA4-F74A-4F0E-8071-E502298FCE76}.Release|x64.ActiveCfg = Release|Any CPU
		{69FFBAA4-F74A-4F0E-8071-E502298FCE76}.Release|x64.Build.0 = Release|Any CPU
		{69FFBAA4-F74A-4F0E-8071-E502298FCE76}.Release|x86.ActiveCfg = Release|Any CPU
		{69FFBAA4-F74A-4F0E-8071-E502298FCE76}.Release|x86.Build.0 = Release|Any CPU
		{90F05857-D931-4A64-B2C3-6813BA1B0AEB}.Debug|Any CPU.ActiveCfg = Debug|Any CPU
		{90F05857-D931-4A64-B2C3-6813BA1B0AEB}.Debug|Any CPU.Build.0 = Debug|Any CPU
		{90F05857-D931-4A64-B2C3-6813BA1B0AEB}.Debug|x64.ActiveCfg = Debug|Any CPU
		{90F05857-D931-4A64-B2C3-6813BA1B0AEB}.Debug|x64.Build.0 = Debug|Any CPU
		{90F05857-D931-4A64-B2C3-6813BA1B0AEB}.Debug|x86.ActiveCfg = Debug|Any CPU
		{90F05857-D931-4A64-B2C3-6813BA1B0AEB}.Debug|x86.Build.0 = Debug|Any CPU
		{90F05857-D931-4A64-B2C3-6813BA1B0AEB}.Release|Any CPU.ActiveCfg = Release|Any CPU
		{90F05857-D931-4A64-B2C3-6813BA1B0AEB}.Release|Any CPU.Build.0 = Release|Any CPU
		{90F05857-D931-4A64-B2C3-6813BA1B0AEB}.Release|x64.ActiveCfg = Release|Any CPU
		{90F05857-D931-4A64-B2C3-6813BA1B0AEB}.Release|x64.Build.0 = Release|Any CPU
		{90F05857-D931-4A64-B2C3-6813BA1B0AEB}.Release|x86.ActiveCfg = Release|Any CPU
		{90F05857-D931-4A64-B2C3-6813BA1B0AEB}.Release|x86.Build.0 = Release|Any CPU
		{266377D8-5845-43CC-BF76-B8FC9DADEACF}.Debug|Any CPU.ActiveCfg = Debug|Any CPU
		{266377D8-5845-43CC-BF76-B8FC9DADEACF}.Debug|Any CPU.Build.0 = Debug|Any CPU
		{266377D8-5845-43CC-BF76-B8FC9DADEACF}.Debug|x64.ActiveCfg = Debug|Any CPU
		{266377D8-5845-43CC-BF76-B8FC9DADEACF}.Debug|x64.Build.0 = Debug|Any CPU
		{266377D8-5845-43CC-BF76-B8FC9DADEACF}.Debug|x86.ActiveCfg = Debug|Any CPU
		{266377D8-5845-43CC-BF76-B8FC9DADEACF}.Debug|x86.Build.0 = Debug|Any CPU
		{266377D8-5845-43CC-BF76-B8FC9DADEACF}.Release|Any CPU.ActiveCfg = Release|Any CPU
		{266377D8-5845-43CC-BF76-B8FC9DADEACF}.Release|Any CPU.Build.0 = Release|Any CPU
		{266377D8-5845-43CC-BF76-B8FC9DADEACF}.Release|x64.ActiveCfg = Release|Any CPU
		{266377D8-5845-43CC-BF76-B8FC9DADEACF}.Release|x64.Build.0 = Release|Any CPU
		{266377D8-5845-43CC-BF76-B8FC9DADEACF}.Release|x86.ActiveCfg = Release|Any CPU
		{266377D8-5845-43CC-BF76-B8FC9DADEACF}.Release|x86.Build.0 = Release|Any CPU
	EndGlobalSection
	GlobalSection(SolutionProperties) = preSolution
		HideSolutionNode = FALSE
	EndGlobalSection
EndGlobal
